{
  "pkgs": {
    "@mekstuff-rbxts/task-scheduler@0.1.0": {
      "name": "@mekstuff-rbxts/task-scheduler@0.1.0",
      "dependency_scope": "dependencies",
      "install_type": "default",
      "publish_sig": "57d98756b0-7d4134",
      "resolve": "C:\\Users\\Lanzo\\.local-package-manager\\packages\\@mekstuff-rbxts\\task-scheduler\\0.1.0\\pkg",
      "sem_ver_symbol": "^",
      "traverse_imports": false
    },
    "@mekstuff-rbxts/core@0.1.5": {
      "name": "@mekstuff-rbxts/core@0.1.5",
      "dependency_scope": "dependencies",
      "install_type": "default",
      "publish_sig": "7dea07e75e-d9e4d5",
      "resolve": "C:\\Users\\Lanzo\\.local-package-manager\\packages\\@mekstuff-rbxts\\core\\0.1.5\\pkg",
      "sem_ver_symbol": "^",
      "traverse_imports": false
    },
    "@mekstuff-rbxts/rig-builder@1.0.0": {
      "name": "@mekstuff-rbxts/rig-builder@1.0.0",
      "dependency_scope": "dependencies",
      "install_type": "default",
      "publish_sig": "99a5490fb9-d1d04a",
      "resolve": "C:\\Users\\Lanzo\\.local-package-manager\\packages\\@mekstuff-rbxts\\rig-builder\\1.0.0\\pkg",
      "sem_ver_symbol": "^",
      "traverse_imports": false
    },
    "@mekstuff-rbxts/path-computing-service@0.1.3": {
      "name": "@mekstuff-rbxts/path-computing-service@0.1.3",
      "dependency_scope": "dependencies",
      "install_type": "default",
      "publish_sig": "3e1e41e098-596e67",
      "resolve": "C:\\Users\\Lanzo\\.local-package-manager\\packages\\@mekstuff-rbxts\\path-computing-service\\0.1.3\\pkg",
      "sem_ver_symbol": "^",
      "traverse_imports": false
    }
  }
}