{
  "pkgs": {
    "@mekstuff-rbxts/format@0.1.4": {
      "name": "@mekstuff-rbxts/format@0.1.4",
      "dependency_scope": "dependencies",
      "install_type": "default",
      "publish_sig": "d8a7926d1f-f21b57",
      "resolve": "C:\\Users\\Lanzo\\.local-package-manager\\packages\\@mekstuff-rbxts\\format\\0.1.4\\pkg",
      "sem_ver_symbol": "^",
      "traverse_imports": false
    }
  }
}